<Solution>
  <Folder Name="/src/">
    <Project Path="src/ModTestBridge/ModTestBridge.csproj" />
  </Folder>
  <Folder Name="/tests/">
    <Project Path="tests/ModTestBridge.Tests/ModTestBridge.Tests.csproj" />
  </Folder>
  <Folder Name="/examples/">
    <Project Path="examples/ExampleTests/ExampleTests.csproj" />
  </Folder>
</Solution>
